
Microsoft Visual Studio Solution File, Format Version 12.00
# Visual Studio Version 16
VisualStudioVersion = 16.0.30320.27
MinimumVisualStudioVersion = 10.0.40219.1
Project("{FAE04EC0-301F-11D3-BF4B-00C04F79EFBC}") = "NetMQ.Subscriber", "NetMQ.Subscriber.csproj", "{31FC13D9-529C-4318-8930-D45B490781DB}"
EndProject
Global
	GlobalSection(SolutionConfigurationPlatforms) = preSolution
		Debug|Any CPU = Debug|Any CPU
		Release|Any CPU = Release|Any CPU
	EndGlobalSection
	GlobalSection(ProjectConfigurationPlatforms) = postSolution
		{31FC13D9-529C-4318-8930-D45B490781DB}.Debug|Any CPU.ActiveCfg = Debug|Any CPU
		{31FC13D9-529C-4318-8930-D45B490781DB}.Debug|Any CPU.Build.0 = Debug|Any CPU
		{31FC13D9-529C-4318-8930-D45B490781DB}.Release|Any CPU.ActiveCfg = Release|Any CPU
		{31FC13D9-529C-4318-8930-D45B490781DB}.Release|Any CPU.Build.0 = Release|Any CPU
	EndGlobalSection
	GlobalSection(SolutionProperties) = preSolution
		HideSolutionNode = FALSE
	EndGlobalSection
	GlobalSection(ExtensibilityGlobals) = postSolution
		SolutionGuid = {5E2CA39F-04E7-4653-83C7-FCA30D690FD3}
	EndGlobalSection
EndGlobal
